// !$*UTF8*$!
{
	archiveVersion = 1;
	classes = {
	};
	objectVersion = 51;
	objects = {

/* Begin PBXBuildFile section */
		A2BD24DA91F1EAE31CD21189 /* Pods_SwipeAndSaveFlickrImage.framework in Frameworks */ = {isa = PBXBuildFile; fileRef = 0BA55655CA557B0943A2DE20 /* Pods_SwipeAndSaveFlickrImage.framework */; };
		CC787D6823A4A36200E4BB23 /* SearchPhotoModel.swift in Sources */ = {isa = PBXBuildFile; fileRef = CC787D6723A4A36200E4BB23 /* SearchPhotoModel.swift */; };
		CC787D6B23A4AEFD00E4BB23 /* SearchPhotoPresenter.swift in Sources */ = {isa = PBXBuildFile; fileRef = CC787D6A23A4AEFD00E4BB23 /* SearchPhotoPresenter.swift */; };
		CCCE15B023A374D300E32443 /* FlickrPhotoCollectionViewController.swift in Sources */ = {isa = PBXBuildFile; fileRef = CCCE15AF23A374D300E32443 /* FlickrPhotoCollectionViewController.swift */; };
		CCCE15B323A3783B00E32443 /* FlickrPhotoCollectionViewCell.swift in Sources */ = {isa = PBXBuildFile; fileRef = CCCE15B123A3783B00E32443 /* FlickrPhotoCollectionViewCell.swift */; };
		CCCE15B423A3783B00E32443 /* FlickrPhotoCollectionViewCell.xib in Resources */ = {isa = PBXBuildFile; fileRef = CCCE15B223A3783B00E32443 /* FlickrPhotoCollectionViewCell.xib */; };
		CCD519C423A34A1400E86303 /* AppDelegate.swift in Sources */ = {isa = PBXBuildFile; fileRef = CCD519C323A34A1400E86303 /* AppDelegate.swift */; };
		CCD519C623A34A1400E86303 /* SceneDelegate.swift in Sources */ = {isa = PBXBuildFile; fileRef = CCD519C523A34A1400E86303 /* SceneDelegate.swift */; };
		CCD519CB23A34A1400E86303 /* Main.storyboard in Resources */ = {isa = PBXBuildFile; fileRef = CCD519C923A34A1400E86303 /* Main.storyboard */; };
		CCD519CD23A34A1B00E86303 /* Assets.xcassets in Resources */ = {isa = PBXBuildFile; fileRef = CCD519CC23A34A1B00E86303 /* Assets.xcassets */; };
		CCD519D023A34A1B00E86303 /* LaunchScreen.storyboard in Resources */ = {isa = PBXBuildFile; fileRef = CCD519CE23A34A1B00E86303 /* LaunchScreen.storyboard */; };
		CCD519D823A34CCB00E86303 /* PhotoResponse.swift in Sources */ = {isa = PBXBuildFile; fileRef = CCD519D723A34CCB00E86303 /* PhotoResponse.swift */; };
		CCD519DB23A3514000E86303 /* FlickrRequest.swift in Sources */ = {isa = PBXBuildFile; fileRef = CCD519DA23A3514000E86303 /* FlickrRequest.swift */; };
		CCD519DD23A3528400E86303 /* SearchPhotoRequest.swift in Sources */ = {isa = PBXBuildFile; fileRef = CCD519DC23A3528400E86303 /* SearchPhotoRequest.swift */; };
		CCD519DF23A355DC00E86303 /* FlickrAPIClient.swift in Sources */ = {isa = PBXBuildFile; fileRef = CCD519DE23A355DC00E86303 /* FlickrAPIClient.swift */; };
		CCD519E123A3576E00E86303 /* Result.swift in Sources */ = {isa = PBXBuildFile; fileRef = CCD519E023A3576E00E86303 /* Result.swift */; };
		CCEA3BAA23A51A1500D2BDF7 /* ErrorAlertExtension.swift in Sources */ = {isa = PBXBuildFile; fileRef = CCEA3BA923A51A1500D2BDF7 /* ErrorAlertExtension.swift */; };
/* End PBXBuildFile section */

/* Begin PBXFileReference section */
		0B1D6D371723E5ADE582C9A1 /* Pods-SwipeAndSaveFlickrImage.debug.xcconfig */ = {isa = PBXFileReference; includeInIndex = 1; lastKnownFileType = text.xcconfig; name = "Pods-SwipeAndSaveFlickrImage.debug.xcconfig"; path = "Target Support Files/Pods-SwipeAndSaveFlickrImage/Pods-SwipeAndSaveFlickrImage.debug.xcconfig"; sourceTree = "<group>"; };
		0BA55655CA557B0943A2DE20 /* Pods_SwipeAndSaveFlickrImage.framework */ = {isa = PBXFileReference; explicitFileType = wrapper.framework; includeInIndex = 0; path = Pods_SwipeAndSaveFlickrImage.framework; sourceTree = BUILT_PRODUCTS_DIR; };
		CC787D6723A4A36200E4BB23 /* SearchPhotoModel.swift */ = {isa = PBXFileReference; lastKnownFileType = sourcecode.swift; path = SearchPhotoModel.swift; sourceTree = "<group>"; };
		CC787D6A23A4AEFD00E4BB23 /* SearchPhotoPresenter.swift */ = {isa = PBXFileReference; lastKnownFileType = sourcecode.swift; path = SearchPhotoPresenter.swift; sourceTree = "<group>"; };
		CCCE15AF23A374D300E32443 /* FlickrPhotoCollectionViewController.swift */ = {isa = PBXFileReference; lastKnownFileType = sourcecode.swift; path = FlickrPhotoCollectionViewController.swift; sourceTree = "<group>"; };
		CCCE15B123A3783B00E32443 /* FlickrPhotoCollectionViewCell.swift */ = {isa = PBXFileReference; lastKnownFileType = sourcecode.swift; path = FlickrPhotoCollectionViewCell.swift; sourceTree = "<group>"; };
		CCCE15B223A3783B00E32443 /* FlickrPhotoCollectionViewCell.xib */ = {isa = PBXFileReference; lastKnownFileType = file.xib; path = FlickrPhotoCollectionViewCell.xib; sourceTree = "<group>"; };
		CCD519C023A34A1400E86303 /* SwipeAndSaveFlickrImage.app */ = {isa = PBXFileReference; explicitFileType = wrapper.application; includeInIndex = 0; path = SwipeAndSaveFlickrImage.app; sourceTree = BUILT_PRODUCTS_DIR; };
		CCD519C323A34A1400E86303 /* AppDelegate.swift */ = {isa = PBXFileReference; lastKnownFileType = sourcecode.swift; path = AppDelegate.swift; sourceTree = "<group>"; };
		CCD519C523A34A1400E86303 /* SceneDelegate.swift */ = {isa = PBXFileReference; lastKnownFileType = sourcecode.swift; path = SceneDelegate.swift; sourceTree = "<group>"; };
		CCD519CA23A34A1400E86303 /* Base */ = {isa = PBXFileReference; lastKnownFileType = file.storyboard; name = Base; path = Base.lproj/Main.storyboard; sourceTree = "<group>"; };
		CCD519CC23A34A1B00E86303 /* Assets.xcassets */ = {isa = PBXFileReference; lastKnownFileType = folder.assetcatalog; path = Assets.xcassets; sourceTree = "<group>"; };
		CCD519CF23A34A1B00E86303 /* Base */ = {isa = PBXFileReference; lastKnownFileType = file.storyboard; name = Base; path = Base.lproj/LaunchScreen.storyboard; sourceTree = "<group>"; };
		CCD519D123A34A1C00E86303 /* Info.plist */ = {isa = PBXFileReference; lastKnownFileType = text.plist.xml; path = Info.plist; sourceTree = "<group>"; };
		CCD519D723A34CCB00E86303 /* PhotoResponse.swift */ = {isa = PBXFileReference; lastKnownFileType = sourcecode.swift; path = PhotoResponse.swift; sourceTree = "<group>"; };
		CCD519DA23A3514000E86303 /* FlickrRequest.swift */ = {isa = PBXFileReference; lastKnownFileType = sourcecode.swift; path = FlickrRequest.swift; sourceTree = "<group>"; };
		CCD519DC23A3528400E86303 /* SearchPhotoRequest.swift */ = {isa = PBXFileReference; lastKnownFileType = sourcecode.swift; path = SearchPhotoRequest.swift; sourceTree = "<group>"; };
		CCD519DE23A355DC00E86303 /* FlickrAPIClient.swift */ = {isa = PBXFileReference; lastKnownFileType = sourcecode.swift; path = FlickrAPIClient.swift; sourceTree = "<group>"; };
		CCD519E023A3576E00E86303 /* Result.swift */ = {isa = PBXFileReference; lastKnownFileType = sourcecode.swift; path = Result.swift; sourceTree = "<group>"; };
		CCEA3BA923A51A1500D2BDF7 /* ErrorAlertExtension.swift */ = {isa = PBXFileReference; lastKnownFileType = sourcecode.swift; path = ErrorAlertExtension.swift; sourceTree = "<group>"; };
		F270B3C8E17E9EE7A1AB199B /* Pods-SwipeAndSaveFlickrImage.release.xcconfig */ = {isa = PBXFileReference; includeInIndex = 1; lastKnownFileType = text.xcconfig; name = "Pods-SwipeAndSaveFlickrImage.release.xcconfig"; path = "Target Support Files/Pods-SwipeAndSaveFlickrImage/Pods-SwipeAndSaveFlickrImage.release.xcconfig"; sourceTree = "<group>"; };
/* End PBXFileReference section */

/* Begin PBXFrameworksBuildPhase section */
		CCD519BD23A34A1400E86303 /* Frameworks */ = {
			isa = PBXFrameworksBuildPhase;
			buildActionMask = 2147483647;
			files = (
				A2BD24DA91F1EAE31CD21189 /* Pods_SwipeAndSaveFlickrImage.framework in Frameworks */,
			);
			runOnlyForDeploymentPostprocessing = 0;
		};
/* End PBXFrameworksBuildPhase section */

/* Begin PBXGroup section */
		23C798627C2ACE03E6BA86B5 /* Pods */ = {
			isa = PBXGroup;
			children = (
				0B1D6D371723E5ADE582C9A1 /* Pods-SwipeAndSaveFlickrImage.debug.xcconfig */,
				F270B3C8E17E9EE7A1AB199B /* Pods-SwipeAndSaveFlickrImage.release.xcconfig */,
			);
			path = Pods;
			sourceTree = "<group>";
		};
		B77C4D790A91F83853CF958A /* Frameworks */ = {
			isa = PBXGroup;
			children = (
				0BA55655CA557B0943A2DE20 /* Pods_SwipeAndSaveFlickrImage.framework */,
			);
			name = Frameworks;
			sourceTree = "<group>";
		};
		CC787D6623A4A33600E4BB23 /* Model */ = {
			isa = PBXGroup;
			children = (
				CC787D6723A4A36200E4BB23 /* SearchPhotoModel.swift */,
			);
			path = Model;
			sourceTree = "<group>";
		};
		CC787D6923A4AEDD00E4BB23 /* Presenter */ = {
			isa = PBXGroup;
			children = (
				CC787D6A23A4AEFD00E4BB23 /* SearchPhotoPresenter.swift */,
			);
			path = Presenter;
			sourceTree = "<group>";
		};
		CCCE15AE23A3747900E32443 /* View */ = {
			isa = PBXGroup;
			children = (
				CCCE15AF23A374D300E32443 /* FlickrPhotoCollectionViewController.swift */,
				CCCE15B123A3783B00E32443 /* FlickrPhotoCollectionViewCell.swift */,
				CCCE15B223A3783B00E32443 /* FlickrPhotoCollectionViewCell.xib */,
			);
			path = View;
			sourceTree = "<group>";
		};
		CCD519B723A34A1400E86303 = {
			isa = PBXGroup;
			children = (
				CCD519C223A34A1400E86303 /* SwipeAndSaveFlickrImage */,
				CCD519C123A34A1400E86303 /* Products */,
				23C798627C2ACE03E6BA86B5 /* Pods */,
				B77C4D790A91F83853CF958A /* Frameworks */,
			);
			sourceTree = "<group>";
		};
		CCD519C123A34A1400E86303 /* Products */ = {
			isa = PBXGroup;
			children = (
				CCD519C023A34A1400E86303 /* SwipeAndSaveFlickrImage.app */,
			);
			name = Products;
			sourceTree = "<group>";
		};
		CCD519C223A34A1400E86303 /* SwipeAndSaveFlickrImage */ = {
			isa = PBXGroup;
			children = (
				CC787D6623A4A33600E4BB23 /* Model */,
				CCCE15AE23A3747900E32443 /* View */,
				CC787D6923A4AEDD00E4BB23 /* Presenter */,
				CCD519D923A3511100E86303 /* FlickrAPI */,
				CCEA3BA823A519CD00D2BDF7 /* Utils */,
				CCD519C323A34A1400E86303 /* AppDelegate.swift */,
				CCD519C523A34A1400E86303 /* SceneDelegate.swift */,
				CCD519C923A34A1400E86303 /* Main.storyboard */,
				CCD519CC23A34A1B00E86303 /* Assets.xcassets */,
				CCD519CE23A34A1B00E86303 /* LaunchScreen.storyboard */,
				CCD519D123A34A1C00E86303 /* Info.plist */,
			);
			path = SwipeAndSaveFlickrImage;
			sourceTree = "<group>";
		};
		CCD519D923A3511100E86303 /* FlickrAPI */ = {
			isa = PBXGroup;
			children = (
				CCD519E323A35D4D00E86303 /* Response */,
				CCD519E223A35D2D00E86303 /* Request */,
				CCD519DE23A355DC00E86303 /* FlickrAPIClient.swift */,
			);
			path = FlickrAPI;
			sourceTree = "<group>";
		};
		CCD519E223A35D2D00E86303 /* Request */ = {
			isa = PBXGroup;
			children = (
				CCD519DA23A3514000E86303 /* FlickrRequest.swift */,
				CCD519DC23A3528400E86303 /* SearchPhotoRequest.swift */,
			);
			path = Request;
			sourceTree = "<group>";
		};
		CCD519E323A35D4D00E86303 /* Response */ = {
			isa = PBXGroup;
			children = (
				CCD519D723A34CCB00E86303 /* PhotoResponse.swift */,
				CCD519E023A3576E00E86303 /* Result.swift */,
			);
			path = Response;
			sourceTree = "<group>";
		};
		CCEA3BA823A519CD00D2BDF7 /* Utils */ = {
			isa = PBXGroup;
			children = (
				CCEA3BA923A51A1500D2BDF7 /* ErrorAlertExtension.swift */,
			);
			path = Utils;
			sourceTree = "<group>";
		};
/* End PBXGroup section */

/* Begin PBXNativeTarget section */
		CCD519BF23A34A1400E86303 /* SwipeAndSaveFlickrImage */ = {
			isa = PBXNativeTarget;
			buildConfigurationList = CCD519D423A34A1C00E86303 /* Build configuration list for PBXNativeTarget "SwipeAndSaveFlickrImage" */;
			buildPhases = (
				5EC3132961288DE7C7E6484C /* [CP] Check Pods Manifest.lock */,
				CCD519BC23A34A1400E86303 /* Sources */,
				CCD519BD23A34A1400E86303 /* Frameworks */,
				CCD519BE23A34A1400E86303 /* Resources */,
				F7FBEC6EEAC169CF83C59D20 /* [CP] Embed Pods Frameworks */,
			);
			buildRules = (
			);
			dependencies = (
			);
			name = SwipeAndSaveFlickrImage;
			productName = SwipeAndSaveFlickrImage;
			productReference = CCD519C023A34A1400E86303 /* SwipeAndSaveFlickrImage.app */;
			productType = "com.apple.product-type.application";
		};
/* End PBXNativeTarget section */

/* Begin PBXProject section */
		CCD519B823A34A1400E86303 /* Project object */ = {
			isa = PBXProject;
			attributes = {
				LastSwiftUpdateCheck = 1100;
				LastUpgradeCheck = 1100;
				ORGANIZATIONNAME = "市川 星磨";
				TargetAttributes = {
					CCD519BF23A34A1400E86303 = {
						CreatedOnToolsVersion = 11.0;
					};
				};
			};
			buildConfigurationList = CCD519BB23A34A1400E86303 /* Build configuration list for PBXProject "SwipeAndSaveFlickrImage" */;
			compatibilityVersion = "Xcode 9.3";
			developmentRegion = en;
			hasScannedForEncodings = 0;
			knownRegions = (
				en,
				Base,
			);
			mainGroup = CCD519B723A34A1400E86303;
			productRefGroup = CCD519C123A34A1400E86303 /* Products */;
			projectDirPath = "";
			projectRoot = "";
			targets = (
				CCD519BF23A34A1400E86303 /* SwipeAndSaveFlickrImage */,
			);
		};
/* End PBXProject section */

/* Begin PBXResourcesBuildPhase section */
		CCD519BE23A34A1400E86303 /* Resources */ = {
			isa = PBXResourcesBuildPhase;
			buildActionMask = 2147483647;
			files = (
				CCD519D023A34A1B00E86303 /* LaunchScreen.storyboard in Resources */,
				CCD519CD23A34A1B00E86303 /* Assets.xcassets in Resources */,
				CCCE15B423A3783B00E32443 /* FlickrPhotoCollectionViewCell.xib in Resources */,
				CCD519CB23A34A1400E86303 /* Main.storyboard in Resources */,
			);
			runOnlyForDeploymentPostprocessing = 0;
		};
/* End PBXResourcesBuildPhase section */

/* Begin PBXShellScriptBuildPhase section */
		5EC3132961288DE7C7E6484C /* [CP] Check Pods Manifest.lock */ = {
			isa = PBXShellScriptBuildPhase;
			buildActionMask = 2147483647;
			files = (
			);
			inputFileListPaths = (
			);
			inputPaths = (
				"${PODS_PODFILE_DIR_PATH}/Podfile.lock",
				"${PODS_ROOT}/Manifest.lock",
			);
			name = "[CP] Check Pods Manifest.lock";
			outputFileListPaths = (
			);
			outputPaths = (
				"$(DERIVED_FILE_DIR)/Pods-SwipeAndSaveFlickrImage-checkManifestLockResult.txt",
			);
			runOnlyForDeploymentPostprocessing = 0;
			shellPath = /bin/sh;
			shellScript = "diff \"${PODS_PODFILE_DIR_PATH}/Podfile.lock\" \"${PODS_ROOT}/Manifest.lock\" > /dev/null\nif [ $? != 0 ] ; then\n    # print error to STDERR\n    echo \"error: The sandbox is not in sync with the Podfile.lock. Run 'pod install' or update your CocoaPods installation.\" >&2\n    exit 1\nfi\n# This output is used by Xcode 'outputs' to avoid re-running this script phase.\necho \"SUCCESS\" > \"${SCRIPT_OUTPUT_FILE_0}\"\n";
			showEnvVarsInLog = 0;
		};
		F7FBEC6EEAC169CF83C59D20 /* [CP] Embed Pods Frameworks */ = {
			isa = PBXShellScriptBuildPhase;
			buildActionMask = 2147483647;
			files = (
			);
			inputFileListPaths = (
				"${PODS_ROOT}/Target Support Files/Pods-SwipeAndSaveFlickrImage/Pods-SwipeAndSaveFlickrImage-frameworks-${CONFIGURATION}-input-files.xcfilelist",
			);
			name = "[CP] Embed Pods Frameworks";
			outputFileListPaths = (
				"${PODS_ROOT}/Target Support Files/Pods-SwipeAndSaveFlickrImage/Pods-SwipeAndSaveFlickrImage-frameworks-${CONFIGURATION}-output-files.xcfilelist",
			);
			runOnlyForDeploymentPostprocessing = 0;
			shellPath = /bin/sh;
			shellScript = "\"${PODS_ROOT}/Target Support Files/Pods-SwipeAndSaveFlickrImage/Pods-SwipeAndSaveFlickrImage-frameworks.sh\"\n";
			showEnvVarsInLog = 0;
		};
/* End PBXShellScriptBuildPhase section */

/* Begin PBXSourcesBuildPhase section */
		CCD519BC23A34A1400E86303 /* Sources */ = {
			isa = PBXSourcesBuildPhase;
			buildActionMask = 2147483647;
			files = (
				CCCE15B323A3783B00E32443 /* FlickrPhotoCollectionViewCell.swift in Sources */,
				CCD519DD23A3528400E86303 /* SearchPhotoRequest.swift in Sources */,
				CCD519DF23A355DC00E86303 /* FlickrAPIClient.swift in Sources */,
				CC787D6823A4A36200E4BB23 /* SearchPhotoModel.swift in Sources */,
				CCD519C423A34A1400E86303 /* AppDelegate.swift in Sources */,
				CCD519C623A34A1400E86303 /* SceneDelegate.swift in Sources */,
				CCD519DB23A3514000E86303 /* FlickrRequest.swift in Sources */,
				CCD519E123A3576E00E86303 /* Result.swift in Sources */,
				CC787D6B23A4AEFD00E4BB23 /* SearchPhotoPresenter.swift in Sources */,
				CCCE15B023A374D300E32443 /* FlickrPhotoCollectionViewController.swift in Sources */,
				CCD519D823A34CCB00E86303 /* PhotoResponse.swift in Sources */,
				CCEA3BAA23A51A1500D2BDF7 /* ErrorAlertExtension.swift in Sources */,
			);
			runOnlyForDeploymentPostprocessing = 0;
		};
/* End PBXSourcesBuildPhase section */

/* Begin PBXVariantGroup section */
		CCD519C923A34A1400E86303 /* Main.storyboard */ = {
			isa = PBXVariantGroup;
			children = (
				CCD519CA23A34A1400E86303 /* Base */,
			);
			name = Main.storyboard;
			sourceTree = "<group>";
		};
		CCD519CE23A34A1B00E86303 /* LaunchScreen.storyboard */ = {
			isa = PBXVariantGroup;
			children = (
				CCD519CF23A34A1B00E86303 /* Base */,
			);
			name = LaunchScreen.storyboard;
			sourceTree = "<group>";
		};
/* End PBXVariantGroup section */

/* Begin XCBuildConfiguration section */
		CCD519D223A34A1C00E86303 /* Debug */ = {
			isa = XCBuildConfiguration;
			buildSettings = {
				ALWAYS_SEARCH_USER_PATHS = NO;
				CLANG_ANALYZER_NONNULL = YES;
				CLANG_ANALYZER_NUMBER_OBJECT_CONVERSION = YES_AGGRESSIVE;
				CLANG_CXX_LANGUAGE_STANDARD = "gnu++14";
				CLANG_CXX_LIBRARY = "libc++";
				CLANG_ENABLE_MODULES = YES;
				CLANG_ENABLE_OBJC_ARC = YES;
				CLANG_ENABLE_OBJC_WEAK = YES;
				CLANG_WARN_BLOCK_CAPTURE_AUTORELEASING = YES;
				CLANG_WARN_BOOL_CONVERSION = YES;
				CLANG_WARN_COMMA = YES;
				CLANG_WARN_CONSTANT_CONVERSION = YES;
				CLANG_WARN_DEPRECATED_OBJC_IMPLEMENTATIONS = YES;
				CLANG_WARN_DIRECT_OBJC_ISA_USAGE = YES_ERROR;
				CLANG_WARN_DOCUMENTATION_COMMENTS = YES;
				CLANG_WARN_EMPTY_BODY = YES;
				CLANG_WARN_ENUM_CONVERSION = YES;
				CLANG_WARN_INFINITE_RECURSION = YES;
				CLANG_WARN_INT_CONVERSION = YES;
				CLANG_WARN_NON_LITERAL_NULL_CONVERSION = YES;
				CLANG_WARN_OBJC_IMPLICIT_RETAIN_SELF = YES;
				CLANG_WARN_OBJC_LITERAL_CONVERSION = YES;
				CLANG_WARN_OBJC_ROOT_CLASS = YES_ERROR;
				CLANG_WARN_RANGE_LOOP_ANALYSIS = YES;
				CLANG_WARN_STRICT_PROTOTYPES = YES;
				CLANG_WARN_SUSPICIOUS_MOVE = YES;
				CLANG_WARN_UNGUARDED_AVAILABILITY = YES_AGGRESSIVE;
				CLANG_WARN_UNREACHABLE_CODE = YES;
				CLANG_WARN__DUPLICATE_METHOD_MATCH = YES;
				COPY_PHASE_STRIP = NO;
				DEBUG_INFORMATION_FORMAT = dwarf;
				ENABLE_STRICT_OBJC_MSGSEND = YES;
				ENABLE_TESTABILITY = YES;
				GCC_C_LANGUAGE_STANDARD = gnu11;
				GCC_DYNAMIC_NO_PIC = NO;
				GCC_NO_COMMON_BLOCKS = YES;
				GCC_OPTIMIZATION_LEVEL = 0;
				GCC_PREPROCESSOR_DEFINITIONS = (
					"DEBUG=1",
					"$(inherited)",
				);
				GCC_WARN_64_TO_32_BIT_CONVERSION = YES;
				GCC_WARN_ABOUT_RETURN_TYPE = YES_ERROR;
				GCC_WARN_UNDECLARED_SELECTOR = YES;
				GCC_WARN_UNINITIALIZED_AUTOS = YES_AGGRESSIVE;
				GCC_WARN_UNUSED_FUNCTION = YES;
				GCC_WARN_UNUSED_VARIABLE = YES;
				IPHONEOS_DEPLOYMENT_TARGET = 13.0;
				MTL_ENABLE_DEBUG_INFO = INCLUDE_SOURCE;
				MTL_FAST_MATH = YES;
				ONLY_ACTIVE_ARCH = YES;
				SDKROOT = iphoneos;
				SWIFT_ACTIVE_COMPILATION_CONDITIONS = DEBUG;
				SWIFT_OPTIMIZATION_LEVEL = "-Onone";
			};
			name = Debug;
		};
		CCD519D323A34A1C00E86303 /* Release */ = {
			isa = XCBuildConfiguration;
			buildSettings = {
				ALWAYS_SEARCH_USER_PATHS = NO;
				CLANG_ANALYZER_NONNULL = YES;
				CLANG_ANALYZER_NUMBER_OBJECT_CONVERSION = YES_AGGRESSIVE;
				CLANG_CXX_LANGUAGE_STANDARD = "gnu++14";
				CLANG_CXX_LIBRARY = "libc++";
				CLANG_ENABLE_MODULES = YES;
				CLANG_ENABLE_OBJC_ARC = YES;
				CLANG_ENABLE_OBJC_WEAK = YES;
				CLANG_WARN_BLOCK_CAPTURE_AUTORELEASING = YES;
				CLANG_WARN_BOOL_CONVERSION = YES;
				CLANG_WARN_COMMA = YES;
				CLANG_WARN_CONSTANT_CONVERSION = YES;
				CLANG_WARN_DEPRECATED_OBJC_IMPLEMENTATIONS = YES;
				CLANG_WARN_DIRECT_OBJC_ISA_USAGE = YES_ERROR;
				CLANG_WARN_DOCUMENTATION_COMMENTS = YES;
				CLANG_WARN_EMPTY_BODY = YES;
				CLANG_WARN_ENUM_CONVERSION = YES;
				CLANG_WARN_INFINITE_RECURSION = YES;
				CLANG_WARN_INT_CONVERSION = YES;
				CLANG_WARN_NON_LITERAL_NULL_CONVERSION = YES;
				CLANG_WARN_OBJC_IMPLICIT_RETAIN_SELF = YES;
				CLANG_WARN_OBJC_LITERAL_CONVERSION = YES;
				CLANG_WARN_OBJC_ROOT_CLASS = YES_ERROR;
				CLANG_WARN_RANGE_LOOP_ANALYSIS = YES;
				CLANG_WARN_STRICT_PROTOTYPES = YES;
				CLANG_WARN_SUSPICIOUS_MOVE = YES;
				CLANG_WARN_UNGUARDED_AVAILABILITY = YES_AGGRESSIVE;
				CLANG_WARN_UNREACHABLE_CODE = YES;
				CLANG_WARN__DUPLICATE_METHOD_MATCH = YES;
				COPY_PHASE_STRIP = NO;
				DEBUG_INFORMATION_FORMAT = "dwarf-with-dsym";
				ENABLE_NS_ASSERTIONS = NO;
				ENABLE_STRICT_OBJC_MSGSEND = YES;
				GCC_C_LANGUAGE_STANDARD = gnu11;
				GCC_NO_COMMON_BLOCKS = YES;
				GCC_WARN_64_TO_32_BIT_CONVERSION = YES;
				GCC_WARN_ABOUT_RETURN_TYPE = YES_ERROR;
				GCC_WARN_UNDECLARED_SELECTOR = YES;
				GCC_WARN_UNINITIALIZED_AUTOS = YES_AGGRESSIVE;
				GCC_WARN_UNUSED_FUNCTION = YES;
				GCC_WARN_UNUSED_VARIABLE = YES;
				IPHONEOS_DEPLOYMENT_TARGET = 13.0;
				MTL_ENABLE_DEBUG_INFO = NO;
				MTL_FAST_MATH = YES;
				SDKROOT = iphoneos;
				SWIFT_COMPILATION_MODE = wholemodule;
				SWIFT_OPTIMIZATION_LEVEL = "-O";
				VALIDATE_PRODUCT = YES;
			};
			name = Release;
		};
		CCD519D523A34A1C00E86303 /* Debug */ = {
			isa = XCBuildConfiguration;
			baseConfigurationReference = 0B1D6D371723E5ADE582C9A1 /* Pods-SwipeAndSaveFlickrImage.debug.xcconfig */;
			buildSettings = {
				ASSETCATALOG_COMPILER_APPICON_NAME = AppIcon;
				CODE_SIGN_STYLE = Automatic;
				DEVELOPMENT_TEAM = SKD58BVR64;
				INFOPLIST_FILE = SwipeAndSaveFlickrImage/Info.plist;
				LD_RUNPATH_SEARCH_PATHS = (
					"$(inherited)",
					"@executable_path/Frameworks",
				);
				PRODUCT_BUNDLE_IDENTIFIER = com.SwipeAndSaveFlickrImage;
				PRODUCT_NAME = "$(TARGET_NAME)";
				SWIFT_VERSION = 5.0;
				TARGETED_DEVICE_FAMILY = "1,2";
			};
			name = Debug;
		};
		CCD519D623A34A1C00E86303 /* Release */ = {
			isa = XCBuildConfiguration;
			baseConfigurationReference = F270B3C8E17E9EE7A1AB199B /* Pods-SwipeAndSaveFlickrImage.release.xcconfig */;
			buildSettings = {
				ASSETCATALOG_COMPILER_APPICON_NAME = AppIcon;
				CODE_SIGN_STYLE = Automatic;
				DEVELOPMENT_TEAM = SKD58BVR64;
				INFOPLIST_FILE = SwipeAndSaveFlickrImage/Info.plist;
				LD_RUNPATH_SEARCH_PATHS = (
					"$(inherited)",
					"@executable_path/Frameworks",
				);
				PRODUCT_BUNDLE_IDENTIFIER = com.SwipeAndSaveFlickrImage;
				PRODUCT_NAME = "$(TARGET_NAME)";
				SWIFT_VERSION = 5.0;
				TARGETED_DEVICE_FAMILY = "1,2";
			};
			name = Release;
		};
/* End XCBuildConfiguration section */

/* Begin XCConfigurationList section */
		CCD519BB23A34A1400E86303 /* Build configuration list for PBXProject "SwipeAndSaveFlickrImage" */ = {
			isa = XCConfigurationList;
			buildConfigurations = (
				CCD519D223A34A1C00E86303 /* Debug */,
				CCD519D323A34A1C00E86303 /* Release */,
			);
			defaultConfigurationIsVisible = 0;
			defaultConfigurationName = Release;
		};
		CCD519D423A34A1C00E86303 /* Build configuration list for PBXNativeTarget "SwipeAndSaveFlickrImage" */ = {
			isa = XCConfigurationList;
			buildConfigurations = (
				CCD519D523A34A1C00E86303 /* Debug */,
				CCD519D623A34A1C00E86303 /* Release */,
			);
			defaultConfigurationIsVisible = 0;
			defaultConfigurationName = Release;
		};
/* End XCConfigurationList section */
	};
	rootObject = CCD519B823A34A1400E86303 /* Project object */;
}
